# This file is autogenerated, do not edit; changes may be undone by the next 'dep ensure'.


[[projects]]
  name = "github.com/Masterminds/squirrel"
  packages = ["."]
  revision = "a6b93000bd219143c56c16e6cb1c4b91da3f224b"
  version = "v1.0"

[[projects]]
  name = "github.com/apex/log"
  packages = ["."]
  revision = "0296d6eb16bb28f8a0c55668affcf4876dc269be"
  version = "v1.0.0"

[[projects]]
  name = "github.com/blockloop/scan"
  packages = ["."]
  revision = "197a585612f316d9fa51d35619b2fd280cd36f6b"
  version = "v1.2.0"

[[projects]]
  name = "github.com/blockloop/tea"
  packages = ["."]
  revision = "04b6db36e70b9942e1ae7830e78e3ace934d6a52"
  version = "v1.1.1"

[[projects]]
  name = "github.com/go-chi/chi"
  packages = [
    ".",
    "middleware"
  ]
  revision = "e83ac2304db3c50cf03d96a2fcd39009d458bc35"
  version = "v3.3.2"

[[projects]]
  name = "github.com/go-chi/render"
  packages = ["."]
  revision = "9f855fadd4b8cde7773f9ef51f6b2705af239519"
  version = "v1.0.0"

[[projects]]
  name = "github.com/go-playground/locales"
  packages = [
    ".",
    "currency"
  ]
  revision = "e4cbcb5d0652150d40ad0646651076b6bd2be4f6"
  version = "v0.11.2"

[[projects]]
  name = "github.com/go-playground/universal-translator"
  packages = ["."]
  revision = "b32fa301c9fe55953584134cb6853a13c87ec0a1"
  version = "v0.16.0"

[[projects]]
  branch = "master"
  name = "github.com/lann/builder"
  packages = ["."]
  revision = "f22ce00fd9394014049dad11c244859432bd6820"

[[projects]]
  branch = "master"
  name = "github.com/lann/ps"
  packages = ["."]
  revision = "62de8c46ede02a7675c4c79c84883eb164cb71e3"

[[projects]]
  name = "github.com/mattn/go-sqlite3"
  packages = ["."]
  revision = "ed69081a91fd053f17672236b0dd52ba7485e1a3"
  version = "v1.4.0"

[[projects]]
  name = "github.com/pborman/uuid"
  packages = ["."]
  revision = "e790cca94e6cc75c7064b1332e63811d4aae1a53"
  version = "v1.1"

[[projects]]
  name = "github.com/pkg/errors"
  packages = ["."]
  revision = "645ef00459ed84a119197bfb8d8205042c6df63d"
  version = "v0.8.0"

[[projects]]
  branch = "master"
  name = "golang.org/x/crypto"
  packages = [
    "bcrypt",
    "blowfish"
  ]
  revision = "9f005a07e0d31d45e6656d241bb5c0f2efd4bc94"

[[projects]]
  branch = "master"
  name = "golang.org/x/net"
  packages = ["context"]
  revision = "c7086645de248775cbf2373cf5ca4d2fa664b8c1"

[[projects]]
  name = "gopkg.in/go-playground/validator.v9"
  packages = ["."]
  revision = "150fe5b6a4ccc9cd6ffdbf5d184b67fbea75efcc"
  version = "v9.11.0"

[solve-meta]
  analyzer-name = "dep"
  analyzer-version = 1
  inputs-digest = "17667a1ff616387a1ef1a07da10a5afe3d54e763c988439ed71ca0abf7d8ff8e"
  solver-name = "gps-cdcl"
  solver-version = 1
